
Microsoft Visual Studio Solution File, Format Version 12.00
# Visual Studio Version 16
VisualStudioVersion = 16.0.31025.194
MinimumVisualStudioVersion = 10.0.40219.1
Project("{9A19103F-16F7-4668-BE54-9A1E7A4F7556}") = "Enitities", "Enitities\Enitities.csproj", "{4BFD600C-EC80-4003-B27B-D488F2139C3F}"
EndProject
Project("{9A19103F-16F7-4668-BE54-9A1E7A4F7556}") = "DataAccess", "DataAccess\DataAccess.csproj", "{2846BA26-0F55-4BA0-878B-4CDF6631200C}"
EndProject
Project("{9A19103F-16F7-4668-BE54-9A1E7A4F7556}") = "Screens", "Screens\Screens.csproj", "{2A3102F1-97D3-4877-A9BD-C010C335FD43}"
EndProject
Project("{9A19103F-16F7-4668-BE54-9A1E7A4F7556}") = "Core", "Core\Core.csproj", "{3F7F1678-0868-490B-A119-67AD80A178C5}"
EndProject
Global
	GlobalSection(SolutionConfigurationPlatforms) = preSolution
		Debug|Any CPU = Debug|Any CPU
		Release|Any CPU = Release|Any CPU
	EndGlobalSection
	GlobalSection(ProjectConfigurationPlatforms) = postSolution
		{4BFD600C-EC80-4003-B27B-D488F2139C3F}.Debug|Any CPU.ActiveCfg = Debug|Any CPU
		{4BFD600C-EC80-4003-B27B-D488F2139C3F}.Debug|Any CPU.Build.0 = Debug|Any CPU
		{4BFD600C-EC80-4003-B27B-D488F2139C3F}.Release|Any CPU.ActiveCfg = Release|Any CPU
		{4BFD600C-EC80-4003-B27B-D488F2139C3F}.Release|Any CPU.Build.0 = Release|Any CPU
		{2846BA26-0F55-4BA0-878B-4CDF6631200C}.Debug|Any CPU.ActiveCfg = Debug|Any CPU
		{2846BA26-0F55-4BA0-878B-4CDF6631200C}.Debug|Any CPU.Build.0 = Debug|Any CPU
		{2846BA26-0F55-4BA0-878B-4CDF6631200C}.Release|Any CPU.ActiveCfg = Release|Any CPU
		{2846BA26-0F55-4BA0-878B-4CDF6631200C}.Release|Any CPU.Build.0 = Release|Any CPU
		{2A3102F1-97D3-4877-A9BD-C010C335FD43}.Debug|Any CPU.ActiveCfg = Debug|Any CPU
		{2A3102F1-97D3-4877-A9BD-C010C335FD43}.Debug|Any CPU.Build.0 = Debug|Any CPU
		{2A3102F1-97D3-4877-A9BD-C010C335FD43}.Release|Any CPU.ActiveCfg = Release|Any CPU
		{2A3102F1-97D3-4877-A9BD-C010C335FD43}.Release|Any CPU.Build.0 = Release|Any CPU
		{3F7F1678-0868-490B-A119-67AD80A178C5}.Debug|Any CPU.ActiveCfg = Debug|Any CPU
		{3F7F1678-0868-490B-A119-67AD80A178C5}.Debug|Any CPU.Build.0 = Debug|Any CPU
		{3F7F1678-0868-490B-A119-67AD80A178C5}.Release|Any CPU.ActiveCfg = Release|Any CPU
		{3F7F1678-0868-490B-A119-67AD80A178C5}.Release|Any CPU.Build.0 = Release|Any CPU
	EndGlobalSection
	GlobalSection(SolutionProperties) = preSolution
		HideSolutionNode = FALSE
	EndGlobalSection
	GlobalSection(ExtensibilityGlobals) = postSolution
		SolutionGuid = {BFE7145A-6C4E-4FFC-B4A9-9A996D4EE616}
	EndGlobalSection
EndGlobal
